
Microsoft Visual Studio Solution File, Format Version 12.00
# Visual Studio 15
VisualStudioVersion = 15.0.27130.2010
MinimumVisualStudioVersion = 10.0.40219.1
Project("{8BC9CEB8-8B4A-11D0-8D11-00A0C91BC942}") = "OOP_laba1", "OOP_laba1\OOP_laba1.vcxproj", "{87034F24-FCFA-4A1C-8BF7-33911E167555}"
EndProject
Global
	GlobalSection(SolutionConfigurationPlatforms) = preSolution
		Debug|x64 = Debug|x64
		Debug|x86 = Debug|x86
		Release|x64 = Release|x64
		Release|x86 = Release|x86
	EndGlobalSection
	GlobalSection(ProjectConfigurationPlatforms) = postSolution
		{87034F24-FCFA-4A1C-8BF7-33911E167555}.Debug|x64.ActiveCfg = Debug|x64
		{87034F24-FCFA-4A1C-8BF7-33911E167555}.Debug|x64.Build.0 = Debug|x64
		{87034F24-FCFA-4A1C-8BF7-33911E167555}.Debug|x86.ActiveCfg = Debug|Win32
		{87034F24-FCFA-4A1C-8BF7-33911E167555}.Debug|x86.Build.0 = Debug|Win32
		{87034F24-FCFA-4A1C-8BF7-33911E167555}.Release|x64.ActiveCfg = Release|x64
		{87034F24-FCFA-4A1C-8BF7-33911E167555}.Release|x64.Build.0 = Release|x64
		{87034F24-FCFA-4A1C-8BF7-33911E167555}.Release|x86.ActiveCfg = Release|Win32
		{87034F24-FCFA-4A1C-8BF7-33911E167555}.Release|x86.Build.0 = Release|Win32
	EndGlobalSection
	GlobalSection(SolutionProperties) = preSolution
		HideSolutionNode = FALSE
	EndGlobalSection
	GlobalSection(ExtensibilityGlobals) = postSolution
		SolutionGuid = {211CE17B-F44E-4428-9B75-CCD38A4F01AB}
	EndGlobalSection
EndGlobal
